
Microsoft Visual Studio Solution File, Format Version 12.00
# Visual Studio Version 17
VisualStudioVersion = 17.1.32210.238
MinimumVisualStudioVersion = 10.0.40219.1
Project("{FAE04EC0-301F-11D3-BF4B-00C04F79EFBC}") = "Autoservice", "Autoservice.csproj", "{13F86EB9-1C19-4759-BD78-AD5BDA4D51BA}"
EndProject
Global
	GlobalSection(SolutionConfigurationPlatforms) = preSolution
		Debug|Any CPU = Debug|Any CPU
		Release|Any CPU = Release|Any CPU
	EndGlobalSection
	GlobalSection(ProjectConfigurationPlatforms) = postSolution
		{13F86EB9-1C19-4759-BD78-AD5BDA4D51BA}.Debug|Any CPU.ActiveCfg = Debug|Any CPU
		{13F86EB9-1C19-4759-BD78-AD5BDA4D51BA}.Debug|Any CPU.Build.0 = Debug|Any CPU
		{13F86EB9-1C19-4759-BD78-AD5BDA4D51BA}.Release|Any CPU.ActiveCfg = Release|Any CPU
		{13F86EB9-1C19-4759-BD78-AD5BDA4D51BA}.Release|Any CPU.Build.0 = Release|Any CPU
	EndGlobalSection
	GlobalSection(SolutionProperties) = preSolution
		HideSolutionNode = FALSE
	EndGlobalSection
	GlobalSection(ExtensibilityGlobals) = postSolution
		SolutionGuid = {307C54F7-C844-4A33-8BC1-236C49581F75}
	EndGlobalSection
EndGlobal
